
Microsoft Visual Studio Solution File, Format Version 12.00
# Visual Studio Version 17
VisualStudioVersion = 17.5.33424.131
MinimumVisualStudioVersion = 10.0.40219.1
Project("{FAE04EC0-301F-11D3-BF4B-00C04F79EFBC}") = "MvcDockerComics", "MvcDockerComics\MvcDockerComics.csproj", "{76DD451D-58CB-416B-87DE-4236CDB8EF73}"
EndProject
Global
	GlobalSection(SolutionConfigurationPlatforms) = preSolution
		Debug|Any CPU = Debug|Any CPU
		Release|Any CPU = Release|Any CPU
	EndGlobalSection
	GlobalSection(ProjectConfigurationPlatforms) = postSolution
		{76DD451D-58CB-416B-87DE-4236CDB8EF73}.Debug|Any CPU.ActiveCfg = Debug|Any CPU
		{76DD451D-58CB-416B-87DE-4236CDB8EF73}.Debug|Any CPU.Build.0 = Debug|Any CPU
		{76DD451D-58CB-416B-87DE-4236CDB8EF73}.Release|Any CPU.ActiveCfg = Release|Any CPU
		{76DD451D-58CB-416B-87DE-4236CDB8EF73}.Release|Any CPU.Build.0 = Release|Any CPU
	EndGlobalSection
	GlobalSection(SolutionProperties) = preSolution
		HideSolutionNode = FALSE
	EndGlobalSection
	GlobalSection(ExtensibilityGlobals) = postSolution
		SolutionGuid = {3257C4A7-72F2-40A3-BCA2-1132560CD1E6}
	EndGlobalSection
EndGlobal
